
Microsoft Visual Studio Solution File, Format Version 12.00
# Visual Studio 15
VisualStudioVersion = 15.0.27703.2035
MinimumVisualStudioVersion = 10.0.40219.1
Project("{F184B08F-C81C-45F6-A57F-5ABD9991F28F}") = "Lasagna", "Lasagna\Lasagna.vbproj", "{2AA17985-08E5-4396-920A-EF6D488D23C5}"
EndProject
Global
	GlobalSection(SolutionConfigurationPlatforms) = preSolution
		Debug|Any CPU = Debug|Any CPU
		Release|Any CPU = Release|Any CPU
	EndGlobalSection
	GlobalSection(ProjectConfigurationPlatforms) = postSolution
		{2AA17985-08E5-4396-920A-EF6D488D23C5}.Debug|Any CPU.ActiveCfg = Debug|Any CPU
		{2AA17985-08E5-4396-920A-EF6D488D23C5}.Debug|Any CPU.Build.0 = Debug|Any CPU
		{2AA17985-08E5-4396-920A-EF6D488D23C5}.Release|Any CPU.ActiveCfg = Release|Any CPU
		{2AA17985-08E5-4396-920A-EF6D488D23C5}.Release|Any CPU.Build.0 = Release|Any CPU
	EndGlobalSection
	GlobalSection(SolutionProperties) = preSolution
		HideSolutionNode = FALSE
	EndGlobalSection
	GlobalSection(ExtensibilityGlobals) = postSolution
		SolutionGuid = {B55961FE-AB24-4A06-A92D-60E515191144}
	EndGlobalSection
EndGlobal
