
Microsoft Visual Studio Solution File, Format Version 12.00
# Visual Studio 15
VisualStudioVersion = 15.0.27703.2035
MinimumVisualStudioVersion = 10.0.40219.1
Project("{F184B08F-C81C-45F6-A57F-5ABD9991F28F}") = "In Class 2", "In Class 2\In Class 2.vbproj", "{07651103-0181-4B07-A789-58943129F1F2}"
EndProject
Global
	GlobalSection(SolutionConfigurationPlatforms) = preSolution
		Debug|Any CPU = Debug|Any CPU
		Release|Any CPU = Release|Any CPU
	EndGlobalSection
	GlobalSection(ProjectConfigurationPlatforms) = postSolution
		{07651103-0181-4B07-A789-58943129F1F2}.Debug|Any CPU.ActiveCfg = Debug|Any CPU
		{07651103-0181-4B07-A789-58943129F1F2}.Debug|Any CPU.Build.0 = Debug|Any CPU
		{07651103-0181-4B07-A789-58943129F1F2}.Release|Any CPU.ActiveCfg = Release|Any CPU
		{07651103-0181-4B07-A789-58943129F1F2}.Release|Any CPU.Build.0 = Release|Any CPU
	EndGlobalSection
	GlobalSection(SolutionProperties) = preSolution
		HideSolutionNode = FALSE
	EndGlobalSection
	GlobalSection(ExtensibilityGlobals) = postSolution
		SolutionGuid = {FB5CF8F8-E725-4B31-B911-7FCA387422A4}
	EndGlobalSection
EndGlobal
