
Microsoft Visual Studio Solution File, Format Version 12.00
# Visual Studio 15
VisualStudioVersion = 15.0.27703.2035
MinimumVisualStudioVersion = 10.0.40219.1
Project("{F184B08F-C81C-45F6-A57F-5ABD9991F28F}") = "Reference sheet", "Reference sheet\Reference sheet.vbproj", "{C511EDC8-F5F6-4D1A-86E5-0BC1BB19DB1E}"
EndProject
Global
	GlobalSection(SolutionConfigurationPlatforms) = preSolution
		Debug|Any CPU = Debug|Any CPU
		Release|Any CPU = Release|Any CPU
	EndGlobalSection
	GlobalSection(ProjectConfigurationPlatforms) = postSolution
		{C511EDC8-F5F6-4D1A-86E5-0BC1BB19DB1E}.Debug|Any CPU.ActiveCfg = Debug|Any CPU
		{C511EDC8-F5F6-4D1A-86E5-0BC1BB19DB1E}.Debug|Any CPU.Build.0 = Debug|Any CPU
		{C511EDC8-F5F6-4D1A-86E5-0BC1BB19DB1E}.Release|Any CPU.ActiveCfg = Release|Any CPU
		{C511EDC8-F5F6-4D1A-86E5-0BC1BB19DB1E}.Release|Any CPU.Build.0 = Release|Any CPU
	EndGlobalSection
	GlobalSection(SolutionProperties) = preSolution
		HideSolutionNode = FALSE
	EndGlobalSection
	GlobalSection(ExtensibilityGlobals) = postSolution
		SolutionGuid = {74CBE999-B22C-4670-B311-73161EF986A4}
	EndGlobalSection
EndGlobal
