
Microsoft Visual Studio Solution File, Format Version 12.00
# Visual Studio 15
VisualStudioVersion = 15.0.27703.2035
MinimumVisualStudioVersion = 10.0.40219.1
Project("{F184B08F-C81C-45F6-A57F-5ABD9991F28F}") = "yagayeet 116", "yagayeet 116\yagayeet 116.vbproj", "{90B3E2D3-877A-49AF-BE86-4DECEE9C8143}"
EndProject
Global
	GlobalSection(SolutionConfigurationPlatforms) = preSolution
		Debug|Any CPU = Debug|Any CPU
		Release|Any CPU = Release|Any CPU
	EndGlobalSection
	GlobalSection(ProjectConfigurationPlatforms) = postSolution
		{90B3E2D3-877A-49AF-BE86-4DECEE9C8143}.Debug|Any CPU.ActiveCfg = Debug|Any CPU
		{90B3E2D3-877A-49AF-BE86-4DECEE9C8143}.Debug|Any CPU.Build.0 = Debug|Any CPU
		{90B3E2D3-877A-49AF-BE86-4DECEE9C8143}.Release|Any CPU.ActiveCfg = Release|Any CPU
		{90B3E2D3-877A-49AF-BE86-4DECEE9C8143}.Release|Any CPU.Build.0 = Release|Any CPU
	EndGlobalSection
	GlobalSection(SolutionProperties) = preSolution
		HideSolutionNode = FALSE
	EndGlobalSection
	GlobalSection(ExtensibilityGlobals) = postSolution
		SolutionGuid = {AB53D43E-C6A8-4B44-9618-B25B284DA243}
	EndGlobalSection
EndGlobal
