
Microsoft Visual Studio Solution File, Format Version 12.00
# Visual Studio 15
VisualStudioVersion = 15.0.27703.2035
MinimumVisualStudioVersion = 10.0.40219.1
Project("{F184B08F-C81C-45F6-A57F-5ABD9991F28F}") = "DragDrop", "DragDrop\DragDrop.vbproj", "{3A98E373-B709-4D6C-9294-613D65A26965}"
EndProject
Global
	GlobalSection(SolutionConfigurationPlatforms) = preSolution
		Debug|Any CPU = Debug|Any CPU
		Release|Any CPU = Release|Any CPU
	EndGlobalSection
	GlobalSection(ProjectConfigurationPlatforms) = postSolution
		{3A98E373-B709-4D6C-9294-613D65A26965}.Debug|Any CPU.ActiveCfg = Debug|Any CPU
		{3A98E373-B709-4D6C-9294-613D65A26965}.Debug|Any CPU.Build.0 = Debug|Any CPU
		{3A98E373-B709-4D6C-9294-613D65A26965}.Release|Any CPU.ActiveCfg = Release|Any CPU
		{3A98E373-B709-4D6C-9294-613D65A26965}.Release|Any CPU.Build.0 = Release|Any CPU
	EndGlobalSection
	GlobalSection(SolutionProperties) = preSolution
		HideSolutionNode = FALSE
	EndGlobalSection
	GlobalSection(ExtensibilityGlobals) = postSolution
		SolutionGuid = {FABD7B17-CD0A-4337-8721-22EA77F16578}
	EndGlobalSection
EndGlobal
