
Microsoft Visual Studio Solution File, Format Version 12.00
# Visual Studio Version 16
VisualStudioVersion = 16.0.28705.295
MinimumVisualStudioVersion = 10.0.40219.1
Project("{F184B08F-C81C-45F6-A57F-5ABD9991F28F}") = "Main", "Main\Main.vbproj", "{1A9B889C-9C21-41AC-80E1-8051CF8FEC2C}"
EndProject
Global
	GlobalSection(SolutionConfigurationPlatforms) = preSolution
		Debug|Any CPU = Debug|Any CPU
		Release|Any CPU = Release|Any CPU
	EndGlobalSection
	GlobalSection(ProjectConfigurationPlatforms) = postSolution
		{1A9B889C-9C21-41AC-80E1-8051CF8FEC2C}.Debug|Any CPU.ActiveCfg = Debug|Any CPU
		{1A9B889C-9C21-41AC-80E1-8051CF8FEC2C}.Debug|Any CPU.Build.0 = Debug|Any CPU
		{1A9B889C-9C21-41AC-80E1-8051CF8FEC2C}.Release|Any CPU.ActiveCfg = Release|Any CPU
		{1A9B889C-9C21-41AC-80E1-8051CF8FEC2C}.Release|Any CPU.Build.0 = Release|Any CPU
	EndGlobalSection
	GlobalSection(SolutionProperties) = preSolution
		HideSolutionNode = FALSE
	EndGlobalSection
	GlobalSection(ExtensibilityGlobals) = postSolution
		SolutionGuid = {B12589D9-EBCD-479C-AB11-7BEC0F82ED5B}
	EndGlobalSection
EndGlobal
