
Microsoft Visual Studio Solution File, Format Version 12.00
# Visual Studio 15
VisualStudioVersion = 15.0.27703.2035
MinimumVisualStudioVersion = 10.0.40219.1
Project("{F184B08F-C81C-45F6-A57F-5ABD9991F28F}") = "WindowsApp16", "WindowsApp16\WindowsApp16.vbproj", "{89A43C52-F46D-41A7-B3C2-6C4E6B92441B}"
EndProject
Global
	GlobalSection(SolutionConfigurationPlatforms) = preSolution
		Debug|Any CPU = Debug|Any CPU
		Release|Any CPU = Release|Any CPU
	EndGlobalSection
	GlobalSection(ProjectConfigurationPlatforms) = postSolution
		{89A43C52-F46D-41A7-B3C2-6C4E6B92441B}.Debug|Any CPU.ActiveCfg = Debug|Any CPU
		{89A43C52-F46D-41A7-B3C2-6C4E6B92441B}.Debug|Any CPU.Build.0 = Debug|Any CPU
		{89A43C52-F46D-41A7-B3C2-6C4E6B92441B}.Release|Any CPU.ActiveCfg = Release|Any CPU
		{89A43C52-F46D-41A7-B3C2-6C4E6B92441B}.Release|Any CPU.Build.0 = Release|Any CPU
	EndGlobalSection
	GlobalSection(SolutionProperties) = preSolution
		HideSolutionNode = FALSE
	EndGlobalSection
	GlobalSection(ExtensibilityGlobals) = postSolution
		SolutionGuid = {C041F7BC-F1E2-48CA-8E99-17E345BA8129}
	EndGlobalSection
EndGlobal
