
Microsoft Visual Studio Solution File, Format Version 12.00
# Visual Studio 15
VisualStudioVersion = 15.0.27703.2042
MinimumVisualStudioVersion = 10.0.40219.1
Project("{F184B08F-C81C-45F6-A57F-5ABD9991F28F}") = "WPPaint", "WPPaint\WPPaint.vbproj", "{D20A5042-9D28-4EE4-A110-995B23281E4C}"
EndProject
Global
	GlobalSection(SolutionConfigurationPlatforms) = preSolution
		Debug|Any CPU = Debug|Any CPU
		Release|Any CPU = Release|Any CPU
	EndGlobalSection
	GlobalSection(ProjectConfigurationPlatforms) = postSolution
		{D20A5042-9D28-4EE4-A110-995B23281E4C}.Debug|Any CPU.ActiveCfg = Debug|Any CPU
		{D20A5042-9D28-4EE4-A110-995B23281E4C}.Debug|Any CPU.Build.0 = Debug|Any CPU
		{D20A5042-9D28-4EE4-A110-995B23281E4C}.Release|Any CPU.ActiveCfg = Release|Any CPU
		{D20A5042-9D28-4EE4-A110-995B23281E4C}.Release|Any CPU.Build.0 = Release|Any CPU
	EndGlobalSection
	GlobalSection(SolutionProperties) = preSolution
		HideSolutionNode = FALSE
	EndGlobalSection
	GlobalSection(ExtensibilityGlobals) = postSolution
		SolutionGuid = {D799F3C7-FD2D-4A88-8A97-7C3FB85DE588}
	EndGlobalSection
EndGlobal
