
Microsoft Visual Studio Solution File, Format Version 12.00
# Visual Studio 15
VisualStudioVersion = 15.0.27703.2035
MinimumVisualStudioVersion = 10.0.40219.1
Project("{F184B08F-C81C-45F6-A57F-5ABD9991F28F}") = "Vending Machine", "Vending Machine\Vending Machine.vbproj", "{1DBD67DC-70F8-4166-96E5-7269FCBC4612}"
EndProject
Global
	GlobalSection(SolutionConfigurationPlatforms) = preSolution
		Debug|Any CPU = Debug|Any CPU
		Release|Any CPU = Release|Any CPU
	EndGlobalSection
	GlobalSection(ProjectConfigurationPlatforms) = postSolution
		{1DBD67DC-70F8-4166-96E5-7269FCBC4612}.Debug|Any CPU.ActiveCfg = Debug|Any CPU
		{1DBD67DC-70F8-4166-96E5-7269FCBC4612}.Debug|Any CPU.Build.0 = Debug|Any CPU
		{1DBD67DC-70F8-4166-96E5-7269FCBC4612}.Release|Any CPU.ActiveCfg = Release|Any CPU
		{1DBD67DC-70F8-4166-96E5-7269FCBC4612}.Release|Any CPU.Build.0 = Release|Any CPU
	EndGlobalSection
	GlobalSection(SolutionProperties) = preSolution
		HideSolutionNode = FALSE
	EndGlobalSection
	GlobalSection(ExtensibilityGlobals) = postSolution
		SolutionGuid = {695020D2-16B5-49A7-BB3E-FCA427C1CD66}
	EndGlobalSection
EndGlobal
