
Microsoft Visual Studio Solution File, Format Version 12.00
# Visual Studio 15
VisualStudioVersion = 15.0.27703.2035
MinimumVisualStudioVersion = 10.0.40219.1
Project("{F184B08F-C81C-45F6-A57F-5ABD9991F28F}") = "Task Final", "Task Final\Task Final.vbproj", "{636F747A-132F-4140-B742-353DB416E601}"
EndProject
Global
	GlobalSection(SolutionConfigurationPlatforms) = preSolution
		Debug|Any CPU = Debug|Any CPU
		Release|Any CPU = Release|Any CPU
	EndGlobalSection
	GlobalSection(ProjectConfigurationPlatforms) = postSolution
		{636F747A-132F-4140-B742-353DB416E601}.Debug|Any CPU.ActiveCfg = Debug|Any CPU
		{636F747A-132F-4140-B742-353DB416E601}.Debug|Any CPU.Build.0 = Debug|Any CPU
		{636F747A-132F-4140-B742-353DB416E601}.Release|Any CPU.ActiveCfg = Release|Any CPU
		{636F747A-132F-4140-B742-353DB416E601}.Release|Any CPU.Build.0 = Release|Any CPU
	EndGlobalSection
	GlobalSection(SolutionProperties) = preSolution
		HideSolutionNode = FALSE
	EndGlobalSection
	GlobalSection(ExtensibilityGlobals) = postSolution
		SolutionGuid = {4B8DEA83-6FFD-48B2-A1B8-C77CBAD9AF85}
	EndGlobalSection
EndGlobal
