
Microsoft Visual Studio Solution File, Format Version 12.00
# Visual Studio 15
VisualStudioVersion = 15.0.27703.2042
MinimumVisualStudioVersion = 10.0.40219.1
Project("{F184B08F-C81C-45F6-A57F-5ABD9991F28F}") = "RamUpgrader", "RamUpgrader\RamUpgrader.vbproj", "{BC249273-A605-4725-AE9C-E9282BFF5D65}"
EndProject
Global
	GlobalSection(SolutionConfigurationPlatforms) = preSolution
		Debug|Any CPU = Debug|Any CPU
		Release|Any CPU = Release|Any CPU
	EndGlobalSection
	GlobalSection(ProjectConfigurationPlatforms) = postSolution
		{BC249273-A605-4725-AE9C-E9282BFF5D65}.Debug|Any CPU.ActiveCfg = Debug|Any CPU
		{BC249273-A605-4725-AE9C-E9282BFF5D65}.Debug|Any CPU.Build.0 = Debug|Any CPU
		{BC249273-A605-4725-AE9C-E9282BFF5D65}.Release|Any CPU.ActiveCfg = Release|Any CPU
		{BC249273-A605-4725-AE9C-E9282BFF5D65}.Release|Any CPU.Build.0 = Release|Any CPU
	EndGlobalSection
	GlobalSection(SolutionProperties) = preSolution
		HideSolutionNode = FALSE
	EndGlobalSection
	GlobalSection(ExtensibilityGlobals) = postSolution
		SolutionGuid = {61C8EE21-CBCA-4E33-AAC1-50909189B6AB}
	EndGlobalSection
EndGlobal
