
Microsoft Visual Studio Solution File, Format Version 12.00
# Visual Studio 15
VisualStudioVersion = 15.0.27703.2035
MinimumVisualStudioVersion = 10.0.40219.1
Project("{F184B08F-C81C-45F6-A57F-5ABD9991F28F}") = "Tip Calculater", "Tip Calculater\Tip Calculater.vbproj", "{2F9D4DD7-545E-4D0A-B1F5-7BF4040B98D5}"
EndProject
Global
	GlobalSection(SolutionConfigurationPlatforms) = preSolution
		Debug|Any CPU = Debug|Any CPU
		Release|Any CPU = Release|Any CPU
	EndGlobalSection
	GlobalSection(ProjectConfigurationPlatforms) = postSolution
		{2F9D4DD7-545E-4D0A-B1F5-7BF4040B98D5}.Debug|Any CPU.ActiveCfg = Debug|Any CPU
		{2F9D4DD7-545E-4D0A-B1F5-7BF4040B98D5}.Debug|Any CPU.Build.0 = Debug|Any CPU
		{2F9D4DD7-545E-4D0A-B1F5-7BF4040B98D5}.Release|Any CPU.ActiveCfg = Release|Any CPU
		{2F9D4DD7-545E-4D0A-B1F5-7BF4040B98D5}.Release|Any CPU.Build.0 = Release|Any CPU
	EndGlobalSection
	GlobalSection(SolutionProperties) = preSolution
		HideSolutionNode = FALSE
	EndGlobalSection
	GlobalSection(ExtensibilityGlobals) = postSolution
		SolutionGuid = {A4E74C46-0AF4-42E1-8F96-7F052CC7AC88}
	EndGlobalSection
EndGlobal
