
Microsoft Visual Studio Solution File, Format Version 12.00
# Visual Studio 15
VisualStudioVersion = 15.0.27703.2035
MinimumVisualStudioVersion = 10.0.40219.1
Project("{F184B08F-C81C-45F6-A57F-5ABD9991F28F}") = "WindowsApp4", "WindowsApp4\WindowsApp4.vbproj", "{7A4DBD41-0AA4-4595-AE5D-200FAD62AE5B}"
EndProject
Global
	GlobalSection(SolutionConfigurationPlatforms) = preSolution
		Debug|Any CPU = Debug|Any CPU
		Release|Any CPU = Release|Any CPU
	EndGlobalSection
	GlobalSection(ProjectConfigurationPlatforms) = postSolution
		{7A4DBD41-0AA4-4595-AE5D-200FAD62AE5B}.Debug|Any CPU.ActiveCfg = Debug|Any CPU
		{7A4DBD41-0AA4-4595-AE5D-200FAD62AE5B}.Debug|Any CPU.Build.0 = Debug|Any CPU
		{7A4DBD41-0AA4-4595-AE5D-200FAD62AE5B}.Release|Any CPU.ActiveCfg = Release|Any CPU
		{7A4DBD41-0AA4-4595-AE5D-200FAD62AE5B}.Release|Any CPU.Build.0 = Release|Any CPU
	EndGlobalSection
	GlobalSection(SolutionProperties) = preSolution
		HideSolutionNode = FALSE
	EndGlobalSection
	GlobalSection(ExtensibilityGlobals) = postSolution
		SolutionGuid = {549D30C3-04B6-47CD-9D7E-C041DC7B25C6}
	EndGlobalSection
EndGlobal
