
Microsoft Visual Studio Solution File, Format Version 12.00
# Visual Studio 15
VisualStudioVersion = 15.0.27703.2035
MinimumVisualStudioVersion = 10.0.40219.1
Project("{F184B08F-C81C-45F6-A57F-5ABD9991F28F}") = "PEASANT", "PEASANT\PEASANT.vbproj", "{2EBBE9EE-2520-4D08-A382-227CED2B4D5C}"
EndProject
Global
	GlobalSection(SolutionConfigurationPlatforms) = preSolution
		Debug|Any CPU = Debug|Any CPU
		Release|Any CPU = Release|Any CPU
	EndGlobalSection
	GlobalSection(ProjectConfigurationPlatforms) = postSolution
		{2EBBE9EE-2520-4D08-A382-227CED2B4D5C}.Debug|Any CPU.ActiveCfg = Debug|Any CPU
		{2EBBE9EE-2520-4D08-A382-227CED2B4D5C}.Debug|Any CPU.Build.0 = Debug|Any CPU
		{2EBBE9EE-2520-4D08-A382-227CED2B4D5C}.Release|Any CPU.ActiveCfg = Release|Any CPU
		{2EBBE9EE-2520-4D08-A382-227CED2B4D5C}.Release|Any CPU.Build.0 = Release|Any CPU
	EndGlobalSection
	GlobalSection(SolutionProperties) = preSolution
		HideSolutionNode = FALSE
	EndGlobalSection
	GlobalSection(ExtensibilityGlobals) = postSolution
		SolutionGuid = {692D3AEA-1EE2-46C5-979D-A49DBA86C0AF}
	EndGlobalSection
EndGlobal
