
Microsoft Visual Studio Solution File, Format Version 12.00
# Visual Studio 15
VisualStudioVersion = 15.0.27703.2035
MinimumVisualStudioVersion = 10.0.40219.1
Project("{F184B08F-C81C-45F6-A57F-5ABD9991F28F}") = "Report Practice", "Report Practice\Report Practice.vbproj", "{027D3BF3-D24D-4CB7-9E1E-E8530690D6EC}"
EndProject
Global
	GlobalSection(SolutionConfigurationPlatforms) = preSolution
		Debug|Any CPU = Debug|Any CPU
		Release|Any CPU = Release|Any CPU
	EndGlobalSection
	GlobalSection(ProjectConfigurationPlatforms) = postSolution
		{027D3BF3-D24D-4CB7-9E1E-E8530690D6EC}.Debug|Any CPU.ActiveCfg = Debug|Any CPU
		{027D3BF3-D24D-4CB7-9E1E-E8530690D6EC}.Debug|Any CPU.Build.0 = Debug|Any CPU
		{027D3BF3-D24D-4CB7-9E1E-E8530690D6EC}.Release|Any CPU.ActiveCfg = Release|Any CPU
		{027D3BF3-D24D-4CB7-9E1E-E8530690D6EC}.Release|Any CPU.Build.0 = Release|Any CPU
	EndGlobalSection
	GlobalSection(SolutionProperties) = preSolution
		HideSolutionNode = FALSE
	EndGlobalSection
	GlobalSection(ExtensibilityGlobals) = postSolution
		SolutionGuid = {B54782A7-DCA6-4695-B68A-C3FC9B15D13E}
	EndGlobalSection
EndGlobal
